
Microsoft Visual Studio Solution File, Format Version 12.00
# Visual Studio 14
VisualStudioVersion = 14.0.25420.1
MinimumVisualStudioVersion = 10.0.40219.1
Project("{FAE04EC0-301F-11D3-BF4B-00C04F79EFBC}") = "StringsTags", "CSharp2Classes\StringsTags.csproj", "{22246B9E-EB86-453B-89C4-43F5AAE16C06}"
EndProject
Project("{FAE04EC0-301F-11D3-BF4B-00C04F79EFBC}") = "ExtractSenteces", "ConsoleApplication1\ExtractSenteces.csproj", "{F64E9E90-8950-448D-AA8A-D65CBCC19EEF}"
EndProject
Project("{FAE04EC0-301F-11D3-BF4B-00C04F79EFBC}") = "StringsHW1", "StringsHW1\StringsHW1.csproj", "{094A7593-ECA3-4287-91AA-A703E60D6496}"
EndProject
Project("{FAE04EC0-301F-11D3-BF4B-00C04F79EFBC}") = "StringsHW2", "StringsHW2\StringsHW2.csproj", "{FE08CD0D-27C0-41EF-A429-28F691BC6BC0}"
EndProject
Project("{FAE04EC0-301F-11D3-BF4B-00C04F79EFBC}") = "ExceptionsHW", "ExceptionsHW\ExceptionsHW.csproj", "{37640B01-71CB-4A30-B000-4CAED0667303}"
EndProject
Global
	GlobalSection(SolutionConfigurationPlatforms) = preSolution
		Debug|Any CPU = Debug|Any CPU
		Release|Any CPU = Release|Any CPU
	EndGlobalSection
	GlobalSection(ProjectConfigurationPlatforms) = postSolution
		{22246B9E-EB86-453B-89C4-43F5AAE16C06}.Debug|Any CPU.ActiveCfg = Debug|Any CPU
		{22246B9E-EB86-453B-89C4-43F5AAE16C06}.Debug|Any CPU.Build.0 = Debug|Any CPU
		{22246B9E-EB86-453B-89C4-43F5AAE16C06}.Release|Any CPU.ActiveCfg = Release|Any CPU
		{22246B9E-EB86-453B-89C4-43F5AAE16C06}.Release|Any CPU.Build.0 = Release|Any CPU
		{F64E9E90-8950-448D-AA8A-D65CBCC19EEF}.Debug|Any CPU.ActiveCfg = Debug|Any CPU
		{F64E9E90-8950-448D-AA8A-D65CBCC19EEF}.Debug|Any CPU.Build.0 = Debug|Any CPU
		{F64E9E90-8950-448D-AA8A-D65CBCC19EEF}.Release|Any CPU.ActiveCfg = Release|Any CPU
		{F64E9E90-8950-448D-AA8A-D65CBCC19EEF}.Release|Any CPU.Build.0 = Release|Any CPU
		{094A7593-ECA3-4287-91AA-A703E60D6496}.Debug|Any CPU.ActiveCfg = Debug|Any CPU
		{094A7593-ECA3-4287-91AA-A703E60D6496}.Debug|Any CPU.Build.0 = Debug|Any CPU
		{094A7593-ECA3-4287-91AA-A703E60D6496}.Release|Any CPU.ActiveCfg = Release|Any CPU
		{094A7593-ECA3-4287-91AA-A703E60D6496}.Release|Any CPU.Build.0 = Release|Any CPU
		{FE08CD0D-27C0-41EF-A429-28F691BC6BC0}.Debug|Any CPU.ActiveCfg = Debug|Any CPU
		{FE08CD0D-27C0-41EF-A429-28F691BC6BC0}.Debug|Any CPU.Build.0 = Debug|Any CPU
		{FE08CD0D-27C0-41EF-A429-28F691BC6BC0}.Release|Any CPU.ActiveCfg = Release|Any CPU
		{FE08CD0D-27C0-41EF-A429-28F691BC6BC0}.Release|Any CPU.Build.0 = Release|Any CPU
		{37640B01-71CB-4A30-B000-4CAED0667303}.Debug|Any CPU.ActiveCfg = Debug|Any CPU
		{37640B01-71CB-4A30-B000-4CAED0667303}.Debug|Any CPU.Build.0 = Debug|Any CPU
		{37640B01-71CB-4A30-B000-4CAED0667303}.Release|Any CPU.ActiveCfg = Release|Any CPU
		{37640B01-71CB-4A30-B000-4CAED0667303}.Release|Any CPU.Build.0 = Release|Any CPU
	EndGlobalSection
	GlobalSection(SolutionProperties) = preSolution
		HideSolutionNode = FALSE
	EndGlobalSection
EndGlobal
