
Microsoft Visual Studio Solution File, Format Version 12.00
# Visual Studio 14
VisualStudioVersion = 14.0.25420.1
MinimumVisualStudioVersion = 10.0.40219.1
Project("{FAE04EC0-301F-11D3-BF4B-00C04F79EFBC}") = "Problem2", "Problem2\Problem2.csproj", "{78936DA6-AAEF-439D-BB0A-C3038DB2814A}"
EndProject
Project("{FAE04EC0-301F-11D3-BF4B-00C04F79EFBC}") = "Problem3", "Problem3\Problem3.csproj", "{7541665A-2F9A-44D4-8DCD-91E10740326C}"
EndProject
Project("{FAE04EC0-301F-11D3-BF4B-00C04F79EFBC}") = "Problem1", "Problem1\Problem1.csproj", "{221FF042-BE89-4144-8CCB-AF996BF3B7D5}"
EndProject
Global
	GlobalSection(SolutionConfigurationPlatforms) = preSolution
		Debug|Any CPU = Debug|Any CPU
		Release|Any CPU = Release|Any CPU
	EndGlobalSection
	GlobalSection(ProjectConfigurationPlatforms) = postSolution
		{78936DA6-AAEF-439D-BB0A-C3038DB2814A}.Debug|Any CPU.ActiveCfg = Debug|Any CPU
		{78936DA6-AAEF-439D-BB0A-C3038DB2814A}.Debug|Any CPU.Build.0 = Debug|Any CPU
		{78936DA6-AAEF-439D-BB0A-C3038DB2814A}.Release|Any CPU.ActiveCfg = Release|Any CPU
		{78936DA6-AAEF-439D-BB0A-C3038DB2814A}.Release|Any CPU.Build.0 = Release|Any CPU
		{7541665A-2F9A-44D4-8DCD-91E10740326C}.Debug|Any CPU.ActiveCfg = Debug|Any CPU
		{7541665A-2F9A-44D4-8DCD-91E10740326C}.Debug|Any CPU.Build.0 = Debug|Any CPU
		{7541665A-2F9A-44D4-8DCD-91E10740326C}.Release|Any CPU.ActiveCfg = Release|Any CPU
		{7541665A-2F9A-44D4-8DCD-91E10740326C}.Release|Any CPU.Build.0 = Release|Any CPU
		{221FF042-BE89-4144-8CCB-AF996BF3B7D5}.Debug|Any CPU.ActiveCfg = Debug|Any CPU
		{221FF042-BE89-4144-8CCB-AF996BF3B7D5}.Debug|Any CPU.Build.0 = Debug|Any CPU
		{221FF042-BE89-4144-8CCB-AF996BF3B7D5}.Release|Any CPU.ActiveCfg = Release|Any CPU
		{221FF042-BE89-4144-8CCB-AF996BF3B7D5}.Release|Any CPU.Build.0 = Release|Any CPU
	EndGlobalSection
	GlobalSection(SolutionProperties) = preSolution
		HideSolutionNode = FALSE
	EndGlobalSection
EndGlobal
